
Microsoft Visual Studio Solution File, Format Version 12.00
# Visual Studio 2012
Project("{FAE04EC0-301F-11D3-BF4B-00C04F79EFBC}") = "DIYFE.Web", "DIYFE.Web\DIYFE.Web.csproj", "{6113C734-D5FB-457A-8737-AAC68782F64D}"
EndProject
Project("{FAE04EC0-301F-11D3-BF4B-00C04F79EFBC}") = "Sports", "Sports\Sports.csproj", "{DFC0B021-D33C-45A4-A5B1-BF09101437CB}"
EndProject
Global
	GlobalSection(SolutionConfigurationPlatforms) = preSolution
		Debug|Any CPU = Debug|Any CPU
		Release|Any CPU = Release|Any CPU
	EndGlobalSection
	GlobalSection(ProjectConfigurationPlatforms) = postSolution
		{6113C734-D5FB-457A-8737-AAC68782F64D}.Debug|Any CPU.ActiveCfg = Debug|Any CPU
		{6113C734-D5FB-457A-8737-AAC68782F64D}.Debug|Any CPU.Build.0 = Debug|Any CPU
		{6113C734-D5FB-457A-8737-AAC68782F64D}.Release|Any CPU.ActiveCfg = Release|Any CPU
		{6113C734-D5FB-457A-8737-AAC68782F64D}.Release|Any CPU.Build.0 = Release|Any CPU
		{DFC0B021-D33C-45A4-A5B1-BF09101437CB}.Debug|Any CPU.ActiveCfg = Debug|Any CPU
		{DFC0B021-D33C-45A4-A5B1-BF09101437CB}.Debug|Any CPU.Build.0 = Debug|Any CPU
		{DFC0B021-D33C-45A4-A5B1-BF09101437CB}.Release|Any CPU.ActiveCfg = Release|Any CPU
		{DFC0B021-D33C-45A4-A5B1-BF09101437CB}.Release|Any CPU.Build.0 = Release|Any CPU
	EndGlobalSection
	GlobalSection(SolutionProperties) = preSolution
		HideSolutionNode = FALSE
	EndGlobalSection
EndGlobal
