
Microsoft Visual Studio Solution File, Format Version 12.00
# Visual Studio 2012
Project("{FAE04EC0-301F-11D3-BF4B-00C04F79EFBC}") = "DIYFELib", "..\DIYFELib\DIYFELib\DIYFELib.csproj", "{52AF67D8-1A57-4B2E-9EEE-6C54AAB7F3E2}"
EndProject
Project("{FAE04EC0-301F-11D3-BF4B-00C04F79EFBC}") = "DIYFEWeb", "..\DIYFEWeb\DIYFEWeb\DIYFEWeb.csproj", "{4087F20A-538C-445A-AEED-0C693F20B86B}"
EndProject
Global
	GlobalSection(SolutionConfigurationPlatforms) = preSolution
		Debug|Any CPU = Debug|Any CPU
		Release|Any CPU = Release|Any CPU
	EndGlobalSection
	GlobalSection(ProjectConfigurationPlatforms) = postSolution
		{52AF67D8-1A57-4B2E-9EEE-6C54AAB7F3E2}.Debug|Any CPU.ActiveCfg = Debug|Any CPU
		{52AF67D8-1A57-4B2E-9EEE-6C54AAB7F3E2}.Debug|Any CPU.Build.0 = Debug|Any CPU
		{52AF67D8-1A57-4B2E-9EEE-6C54AAB7F3E2}.Release|Any CPU.ActiveCfg = Release|Any CPU
		{52AF67D8-1A57-4B2E-9EEE-6C54AAB7F3E2}.Release|Any CPU.Build.0 = Release|Any CPU
		{4087F20A-538C-445A-AEED-0C693F20B86B}.Debug|Any CPU.ActiveCfg = Debug|Any CPU
		{4087F20A-538C-445A-AEED-0C693F20B86B}.Debug|Any CPU.Build.0 = Debug|Any CPU
		{4087F20A-538C-445A-AEED-0C693F20B86B}.Release|Any CPU.ActiveCfg = Release|Any CPU
		{4087F20A-538C-445A-AEED-0C693F20B86B}.Release|Any CPU.Build.0 = Release|Any CPU
	EndGlobalSection
	GlobalSection(SolutionProperties) = preSolution
		HideSolutionNode = FALSE
	EndGlobalSection
EndGlobal
